
Microsoft Visual Studio Solution File, Format Version 11.00
# Visual Studio 2010
Project("{8BC9CEB8-8B4A-11D0-8D11-00A0C91BC942}") = "toolboxes_gpucore", "gpucore\gpucore.vcxproj", "{D8554420-4157-4C96-A880-B177DBACC5E3}"
	ProjectSection(ProjectDependencies) = postProject
		{2349C273-609B-4F79-AAA5-99067DAE565D} = {2349C273-609B-4F79-AAA5-99067DAE565D}
	EndProjectSection
EndProject
Project("{8BC9CEB8-8B4A-11D0-8D11-00A0C91BC942}") = "toolboxes_ndarray", "ndarray\ndarray.vcxproj", "{2349C273-609B-4F79-AAA5-99067DAE565D}"
EndProject
Project("{8BC9CEB8-8B4A-11D0-8D11-00A0C91BC942}") = "toolboxes_hostutils", "hostutils\hostutils.vcxproj", "{F8967D41-B7BF-4C6B-83B4-8F7AC5FDF155}"
EndProject
Project("{8BC9CEB8-8B4A-11D0-8D11-00A0C91BC942}") = "toolboxes_gpucg", "gpucg\gpucg.vcxproj", "{4858588E-4B4B-4C7E-B3DD-3E63CAE4CED4}"
	ProjectSection(ProjectDependencies) = postProject
		{D8554420-4157-4C96-A880-B177DBACC5E3} = {D8554420-4157-4C96-A880-B177DBACC5E3}
		{2349C273-609B-4F79-AAA5-99067DAE565D} = {2349C273-609B-4F79-AAA5-99067DAE565D}
	EndProjectSection
EndProject
Project("{8BC9CEB8-8B4A-11D0-8D11-00A0C91BC942}") = "toolboxes_gpunfft", "gpunfft\gpunfft.vcxproj", "{FBB6E1FA-DC75-4F3F-8662-52A3C6159527}"
	ProjectSection(ProjectDependencies) = postProject
		{D8554420-4157-4C96-A880-B177DBACC5E3} = {D8554420-4157-4C96-A880-B177DBACC5E3}
	EndProjectSection
EndProject
Project("{8BC9CEB8-8B4A-11D0-8D11-00A0C91BC942}") = "toolboxes_gpupmri", "gpupmri\gpupmri.vcxproj", "{473510A7-189D-4BA7-A463-4F18C231493C}"
	ProjectSection(ProjectDependencies) = postProject
		{D8554420-4157-4C96-A880-B177DBACC5E3} = {D8554420-4157-4C96-A880-B177DBACC5E3}
		{2349C273-609B-4F79-AAA5-99067DAE565D} = {2349C273-609B-4F79-AAA5-99067DAE565D}
		{4858588E-4B4B-4C7E-B3DD-3E63CAE4CED4} = {4858588E-4B4B-4C7E-B3DD-3E63CAE4CED4}
		{FBB6E1FA-DC75-4F3F-8662-52A3C6159527} = {FBB6E1FA-DC75-4F3F-8662-52A3C6159527}
	EndProjectSection
EndProject
Project("{8BC9CEB8-8B4A-11D0-8D11-00A0C91BC942}") = "toolboxes_gadgettools", "gadgettools\gadgettools.vcxproj", "{87DDA0F7-917C-4343-A4EE-D1F07B9B2D53}"
EndProject
Project("{8BC9CEB8-8B4A-11D0-8D11-00A0C91BC942}") = "apps_MRI_standalone_sense", "MRI_standalone_sense\MRI_standalone_sense.vcxproj", "{EDD95CA6-C72F-4009-9E73-4DD4DC4F246E}"
	ProjectSection(ProjectDependencies) = postProject
		{D8554420-4157-4C96-A880-B177DBACC5E3} = {D8554420-4157-4C96-A880-B177DBACC5E3}
		{F8967D41-B7BF-4C6B-83B4-8F7AC5FDF155} = {F8967D41-B7BF-4C6B-83B4-8F7AC5FDF155}
		{2349C273-609B-4F79-AAA5-99067DAE565D} = {2349C273-609B-4F79-AAA5-99067DAE565D}
		{4858588E-4B4B-4C7E-B3DD-3E63CAE4CED4} = {4858588E-4B4B-4C7E-B3DD-3E63CAE4CED4}
		{473510A7-189D-4BA7-A463-4F18C231493C} = {473510A7-189D-4BA7-A463-4F18C231493C}
		{FBB6E1FA-DC75-4F3F-8662-52A3C6159527} = {FBB6E1FA-DC75-4F3F-8662-52A3C6159527}
	EndProjectSection
EndProject
Project("{8BC9CEB8-8B4A-11D0-8D11-00A0C91BC942}") = "apps_MRI_standalone_sense_gui", "MRI_standalone_sense_gui\MRI_standalone_sense_gui.vcxproj", "{CE56C0A8-D96A-42D5-970D-21B4C6971FCE}"
	ProjectSection(ProjectDependencies) = postProject
		{D8554420-4157-4C96-A880-B177DBACC5E3} = {D8554420-4157-4C96-A880-B177DBACC5E3}
		{2349C273-609B-4F79-AAA5-99067DAE565D} = {2349C273-609B-4F79-AAA5-99067DAE565D}
		{4858588E-4B4B-4C7E-B3DD-3E63CAE4CED4} = {4858588E-4B4B-4C7E-B3DD-3E63CAE4CED4}
		{473510A7-189D-4BA7-A463-4F18C231493C} = {473510A7-189D-4BA7-A463-4F18C231493C}
		{FBB6E1FA-DC75-4F3F-8662-52A3C6159527} = {FBB6E1FA-DC75-4F3F-8662-52A3C6159527}
	EndProjectSection
EndProject
Project("{2150E333-8FDC-42A3-9474-1A3956D46DE8}") = "Solution Items", "Solution Items", "{1541E737-E8A9-4A8A-91E7-B5162A2CB31D}"
EndProject
Project("{8BC9CEB8-8B4A-11D0-8D11-00A0C91BC942}") = "apps_gadgetdatasender", "gadgetdatasender\gadgetdatasender.vcxproj", "{334AD139-7160-4BEF-90F7-0A10D74B3479}"
EndProject
Project("{8BC9CEB8-8B4A-11D0-8D11-00A0C91BC942}") = "apps_gadgetron", "gadgetron\gadgetron.vcxproj", "{61DC401F-D93D-419E-B4FF-A30BFB2ED8DB}"
EndProject
Project("{8BC9CEB8-8B4A-11D0-8D11-00A0C91BC942}") = "gadgets_core", "gadgets_core\gadgets_core.vcxproj", "{45AF3104-CD12-4D18-9E1B-83485CDCB983}"
EndProject
Global
	GlobalSection(SolutionConfigurationPlatforms) = preSolution
		Debug|Win32 = Debug|Win32
		Debug|x64 = Debug|x64
		Release|Win32 = Release|Win32
		Release|x64 = Release|x64
	EndGlobalSection
	GlobalSection(ProjectConfigurationPlatforms) = postSolution
		{D8554420-4157-4C96-A880-B177DBACC5E3}.Debug|Win32.ActiveCfg = Debug|Win32
		{D8554420-4157-4C96-A880-B177DBACC5E3}.Debug|Win32.Build.0 = Debug|Win32
		{D8554420-4157-4C96-A880-B177DBACC5E3}.Debug|x64.ActiveCfg = Debug|x64
		{D8554420-4157-4C96-A880-B177DBACC5E3}.Debug|x64.Build.0 = Debug|x64
		{D8554420-4157-4C96-A880-B177DBACC5E3}.Release|Win32.ActiveCfg = Release|Win32
		{D8554420-4157-4C96-A880-B177DBACC5E3}.Release|Win32.Build.0 = Release|Win32
		{D8554420-4157-4C96-A880-B177DBACC5E3}.Release|x64.ActiveCfg = Release|x64
		{D8554420-4157-4C96-A880-B177DBACC5E3}.Release|x64.Build.0 = Release|x64
		{2349C273-609B-4F79-AAA5-99067DAE565D}.Debug|Win32.ActiveCfg = Debug|Win32
		{2349C273-609B-4F79-AAA5-99067DAE565D}.Debug|Win32.Build.0 = Debug|Win32
		{2349C273-609B-4F79-AAA5-99067DAE565D}.Debug|x64.ActiveCfg = Debug|x64
		{2349C273-609B-4F79-AAA5-99067DAE565D}.Debug|x64.Build.0 = Debug|x64
		{2349C273-609B-4F79-AAA5-99067DAE565D}.Release|Win32.ActiveCfg = Release|Win32
		{2349C273-609B-4F79-AAA5-99067DAE565D}.Release|Win32.Build.0 = Release|Win32
		{2349C273-609B-4F79-AAA5-99067DAE565D}.Release|x64.ActiveCfg = Release|x64
		{2349C273-609B-4F79-AAA5-99067DAE565D}.Release|x64.Build.0 = Release|x64
		{F8967D41-B7BF-4C6B-83B4-8F7AC5FDF155}.Debug|Win32.ActiveCfg = Debug|Win32
		{F8967D41-B7BF-4C6B-83B4-8F7AC5FDF155}.Debug|Win32.Build.0 = Debug|Win32
		{F8967D41-B7BF-4C6B-83B4-8F7AC5FDF155}.Debug|x64.ActiveCfg = Debug|x64
		{F8967D41-B7BF-4C6B-83B4-8F7AC5FDF155}.Debug|x64.Build.0 = Debug|x64
		{F8967D41-B7BF-4C6B-83B4-8F7AC5FDF155}.Release|Win32.ActiveCfg = Release|Win32
		{F8967D41-B7BF-4C6B-83B4-8F7AC5FDF155}.Release|Win32.Build.0 = Release|Win32
		{F8967D41-B7BF-4C6B-83B4-8F7AC5FDF155}.Release|x64.ActiveCfg = Release|x64
		{F8967D41-B7BF-4C6B-83B4-8F7AC5FDF155}.Release|x64.Build.0 = Release|x64
		{4858588E-4B4B-4C7E-B3DD-3E63CAE4CED4}.Debug|Win32.ActiveCfg = Debug|Win32
		{4858588E-4B4B-4C7E-B3DD-3E63CAE4CED4}.Debug|Win32.Build.0 = Debug|Win32
		{4858588E-4B4B-4C7E-B3DD-3E63CAE4CED4}.Debug|x64.ActiveCfg = Debug|x64
		{4858588E-4B4B-4C7E-B3DD-3E63CAE4CED4}.Debug|x64.Build.0 = Debug|x64
		{4858588E-4B4B-4C7E-B3DD-3E63CAE4CED4}.Release|Win32.ActiveCfg = Release|Win32
		{4858588E-4B4B-4C7E-B3DD-3E63CAE4CED4}.Release|Win32.Build.0 = Release|Win32
		{4858588E-4B4B-4C7E-B3DD-3E63CAE4CED4}.Release|x64.ActiveCfg = Release|x64
		{4858588E-4B4B-4C7E-B3DD-3E63CAE4CED4}.Release|x64.Build.0 = Release|x64
		{FBB6E1FA-DC75-4F3F-8662-52A3C6159527}.Debug|Win32.ActiveCfg = Debug|Win32
		{FBB6E1FA-DC75-4F3F-8662-52A3C6159527}.Debug|Win32.Build.0 = Debug|Win32
		{FBB6E1FA-DC75-4F3F-8662-52A3C6159527}.Debug|x64.ActiveCfg = Debug|x64
		{FBB6E1FA-DC75-4F3F-8662-52A3C6159527}.Debug|x64.Build.0 = Debug|x64
		{FBB6E1FA-DC75-4F3F-8662-52A3C6159527}.Release|Win32.ActiveCfg = Release|Win32
		{FBB6E1FA-DC75-4F3F-8662-52A3C6159527}.Release|Win32.Build.0 = Release|Win32
		{FBB6E1FA-DC75-4F3F-8662-52A3C6159527}.Release|x64.ActiveCfg = Release|x64
		{FBB6E1FA-DC75-4F3F-8662-52A3C6159527}.Release|x64.Build.0 = Release|x64
		{473510A7-189D-4BA7-A463-4F18C231493C}.Debug|Win32.ActiveCfg = Debug|Win32
		{473510A7-189D-4BA7-A463-4F18C231493C}.Debug|Win32.Build.0 = Debug|Win32
		{473510A7-189D-4BA7-A463-4F18C231493C}.Debug|x64.ActiveCfg = Debug|x64
		{473510A7-189D-4BA7-A463-4F18C231493C}.Debug|x64.Build.0 = Debug|x64
		{473510A7-189D-4BA7-A463-4F18C231493C}.Release|Win32.ActiveCfg = Release|Win32
		{473510A7-189D-4BA7-A463-4F18C231493C}.Release|Win32.Build.0 = Release|Win32
		{473510A7-189D-4BA7-A463-4F18C231493C}.Release|x64.ActiveCfg = Release|x64
		{473510A7-189D-4BA7-A463-4F18C231493C}.Release|x64.Build.0 = Release|x64
		{87DDA0F7-917C-4343-A4EE-D1F07B9B2D53}.Debug|Win32.ActiveCfg = Debug|Win32
		{87DDA0F7-917C-4343-A4EE-D1F07B9B2D53}.Debug|Win32.Build.0 = Debug|Win32
		{87DDA0F7-917C-4343-A4EE-D1F07B9B2D53}.Debug|x64.ActiveCfg = Debug|x64
		{87DDA0F7-917C-4343-A4EE-D1F07B9B2D53}.Debug|x64.Build.0 = Debug|x64
		{87DDA0F7-917C-4343-A4EE-D1F07B9B2D53}.Release|Win32.ActiveCfg = Release|Win32
		{87DDA0F7-917C-4343-A4EE-D1F07B9B2D53}.Release|Win32.Build.0 = Release|Win32
		{87DDA0F7-917C-4343-A4EE-D1F07B9B2D53}.Release|x64.ActiveCfg = Release|x64
		{87DDA0F7-917C-4343-A4EE-D1F07B9B2D53}.Release|x64.Build.0 = Release|x64
		{EDD95CA6-C72F-4009-9E73-4DD4DC4F246E}.Debug|Win32.ActiveCfg = Debug|Win32
		{EDD95CA6-C72F-4009-9E73-4DD4DC4F246E}.Debug|Win32.Build.0 = Debug|Win32
		{EDD95CA6-C72F-4009-9E73-4DD4DC4F246E}.Debug|x64.ActiveCfg = Debug|x64
		{EDD95CA6-C72F-4009-9E73-4DD4DC4F246E}.Debug|x64.Build.0 = Debug|x64
		{EDD95CA6-C72F-4009-9E73-4DD4DC4F246E}.Release|Win32.ActiveCfg = Release|Win32
		{EDD95CA6-C72F-4009-9E73-4DD4DC4F246E}.Release|Win32.Build.0 = Release|Win32
		{EDD95CA6-C72F-4009-9E73-4DD4DC4F246E}.Release|x64.ActiveCfg = Release|x64
		{EDD95CA6-C72F-4009-9E73-4DD4DC4F246E}.Release|x64.Build.0 = Release|x64
		{CE56C0A8-D96A-42D5-970D-21B4C6971FCE}.Debug|Win32.ActiveCfg = Debug|Win32
		{CE56C0A8-D96A-42D5-970D-21B4C6971FCE}.Debug|Win32.Build.0 = Debug|Win32
		{CE56C0A8-D96A-42D5-970D-21B4C6971FCE}.Debug|x64.ActiveCfg = Debug|x64
		{CE56C0A8-D96A-42D5-970D-21B4C6971FCE}.Debug|x64.Build.0 = Debug|x64
		{CE56C0A8-D96A-42D5-970D-21B4C6971FCE}.Release|Win32.ActiveCfg = Release|Win32
		{CE56C0A8-D96A-42D5-970D-21B4C6971FCE}.Release|Win32.Build.0 = Release|Win32
		{CE56C0A8-D96A-42D5-970D-21B4C6971FCE}.Release|x64.ActiveCfg = Release|x64
		{CE56C0A8-D96A-42D5-970D-21B4C6971FCE}.Release|x64.Build.0 = Release|x64
		{334AD139-7160-4BEF-90F7-0A10D74B3479}.Debug|Win32.ActiveCfg = Debug|Win32
		{334AD139-7160-4BEF-90F7-0A10D74B3479}.Debug|Win32.Build.0 = Debug|Win32
		{334AD139-7160-4BEF-90F7-0A10D74B3479}.Debug|x64.ActiveCfg = Debug|x64
		{334AD139-7160-4BEF-90F7-0A10D74B3479}.Debug|x64.Build.0 = Debug|x64
		{334AD139-7160-4BEF-90F7-0A10D74B3479}.Release|Win32.ActiveCfg = Release|Win32
		{334AD139-7160-4BEF-90F7-0A10D74B3479}.Release|Win32.Build.0 = Release|Win32
		{334AD139-7160-4BEF-90F7-0A10D74B3479}.Release|x64.ActiveCfg = Release|x64
		{334AD139-7160-4BEF-90F7-0A10D74B3479}.Release|x64.Build.0 = Release|x64
		{61DC401F-D93D-419E-B4FF-A30BFB2ED8DB}.Debug|Win32.ActiveCfg = Debug|Win32
		{61DC401F-D93D-419E-B4FF-A30BFB2ED8DB}.Debug|Win32.Build.0 = Debug|Win32
		{61DC401F-D93D-419E-B4FF-A30BFB2ED8DB}.Debug|x64.ActiveCfg = Debug|x64
		{61DC401F-D93D-419E-B4FF-A30BFB2ED8DB}.Debug|x64.Build.0 = Debug|x64
		{61DC401F-D93D-419E-B4FF-A30BFB2ED8DB}.Release|Win32.ActiveCfg = Release|Win32
		{61DC401F-D93D-419E-B4FF-A30BFB2ED8DB}.Release|Win32.Build.0 = Release|Win32
		{61DC401F-D93D-419E-B4FF-A30BFB2ED8DB}.Release|x64.ActiveCfg = Release|x64
		{61DC401F-D93D-419E-B4FF-A30BFB2ED8DB}.Release|x64.Build.0 = Release|x64
		{45AF3104-CD12-4D18-9E1B-83485CDCB983}.Debug|Win32.ActiveCfg = Debug|Win32
		{45AF3104-CD12-4D18-9E1B-83485CDCB983}.Debug|Win32.Build.0 = Debug|Win32
		{45AF3104-CD12-4D18-9E1B-83485CDCB983}.Debug|x64.ActiveCfg = Debug|x64
		{45AF3104-CD12-4D18-9E1B-83485CDCB983}.Debug|x64.Build.0 = Debug|x64
		{45AF3104-CD12-4D18-9E1B-83485CDCB983}.Release|Win32.ActiveCfg = Release|Win32
		{45AF3104-CD12-4D18-9E1B-83485CDCB983}.Release|Win32.Build.0 = Release|Win32
		{45AF3104-CD12-4D18-9E1B-83485CDCB983}.Release|x64.ActiveCfg = Release|x64
		{45AF3104-CD12-4D18-9E1B-83485CDCB983}.Release|x64.Build.0 = Release|x64
	EndGlobalSection
	GlobalSection(SolutionProperties) = preSolution
		HideSolutionNode = FALSE
	EndGlobalSection
EndGlobal
